{
  "version": 4,
  "terraform_version": "1.3.6",
  "serial": 6,
  "lineage": "e9bb32b4-fa83-e00b-101a-86158e14fbec",
  "outputs": {
    "vpc_id": {
      "value": "vpc-03fef3205efa01285",
      "type": "string"
    }
  },
  "resources": [
    {
      "mode": "managed",
      "type": "aws_vpc",
      "name": "prj_vpc",
      "provider": "provider[\"registry.terraform.io/hashicorp/aws\"]",
      "instances": [
        {
          "schema_version": 1,
          "attributes": {
            "arn": "arn:aws:ec2:us-east-1:956547001837:vpc/vpc-03fef3205efa01285",
            "assign_generated_ipv6_cidr_block": false,
            "cidr_block": "10.173.0.0/16",
            "default_network_acl_id": "acl-066abb0f154d29a49",
            "default_route_table_id": "rtb-0e6c2b397a17ef4c1",
            "default_security_group_id": "sg-06ae0cedf0b7513b3",
            "dhcp_options_id": "dopt-03fe6ccd5dbffc183",
            "enable_classiclink": false,
            "enable_classiclink_dns_support": false,
            "enable_dns_hostnames": false,
            "enable_dns_support": true,
            "enable_network_address_usage_metrics": false,
            "id": "vpc-03fef3205efa01285",
            "instance_tenancy": "default",
            "ipv4_ipam_pool_id": null,
            "ipv4_netmask_length": null,
            "ipv6_association_id": "",
            "ipv6_cidr_block": "",
            "ipv6_cidr_block_network_border_group": "",
            "ipv6_ipam_pool_id": "",
            "ipv6_netmask_length": 0,
            "main_route_table_id": "rtb-0e6c2b397a17ef4c1",
            "owner_id": "956547001837",
            "tags": null,
            "tags_all": {}
          },
          "sensitive_attributes": [],
          "private": "eyJzY2hlbWFfdmVyc2lvbiI6IjEifQ=="
        }
      ]
    }
  ],
  "check_results": null
}
